{
  "version": 4,
  "terraform_version": "1.13.3",
  "serial": 348,
  "lineage": "569d793c-f7a9-78df-9538-87f8eb9f83a8",
  "outputs": {},
  "resources": [
    {
      "mode": "data",
      "type": "google_service_account_access_token",
      "name": "default",
      "provider": "provider[\"registry.terraform.io/hashicorp/google\"].impersonation",
      "instances": [
        {
          "schema_version": 0,
          "attributes": {
            "access_token": "ya29.c.c0ASRK0GZIP45vHcaXtxS-PKiV1XvbgdB1jXXc_8kp7Fku2u2LVGbpUg9d2E894Gf2Rg5w1riCzE_kzoIvLoLNzotDVFN3nRRUkSHdMIwMuMPEA6e7ZafAL7uEWmiuJvih1hq1gSVKlh4wiKbocSLbRpjJQ1VUrP3JOUAK43C8jkAoPiNeJ8t5KPuE6tpyoWQeumDoLFzp_8bdIH2X6z_yDntzDkXBGkzvUugffTem26Y18O6VnGCz56CfdqtgencJGAEX5cFWfC8US6ebPtqLtn8o6XWfeV-DRoCZ9Xx0Ioi3SKpLHN6lkl1-wPhcROyb9ielaPy0gUtwXhIPrl2Ma_6zhF2AltvSiQfVIfnqcztQN1qAD4YQGp_zz9fWggabPqxD31KbhxY3GNkqrlopX0-bZbo40_F6ejr5mJAadhJcyp6YuKeGfdHe_m5GD3G5aCvraxZCv8ik3DByWa5QTqEbQ7X4P-h_iWyRFA2-ASy1f5cgz5PebmWH1cRmenkscuXL4-Q61t6NwUZ6P9LEm1f4Jgs4rEo_Xm6uZCkjCEq8jftvGyWy1jvGYtAjEg6m6mH8Ez6vkOiiv2XMP0c9OGQGdMFomgWqVDuLHYtWcFPBv71-C75n-DEU9uc0r3UtTgzlcH2xwkCkD-D3aBgL668Cxi5gb39skjwIfns1a_p0g6nJYstFRWps-8w6saIItcW0RcIfUs333O8p7onhvnBZh5r21Oft0vbR425Xnnrm-bRIb6bZVnM9ntf6sjef9JjSh-djma-6cocMeb9-Vnvt9XXSJdf4u2MYb2yQxXx8UsVfyzfYB3UMapqVrBk7oV6q4mcanchd5x76nd1u_48pSWm-huYala2ml6VcmwtwsIaFpSgFlbQvug9Z9ntf8B2MQR0RhZclM-9oRYcFgubdxbZmaxXm_87QM7F5kkzk7xI0Q7YOdZkZwZBdftw-jyMgdeWrUnsmMzlRBXgz_Y5rovf4Bm9rj_jtW88YYSMyQpJfWQky92g",
            "delegates": null,
            "id": "projects/-/serviceAccounts/github-actions-terraform@multicloud-475408.iam.gserviceaccount.com",
            "lifetime": "1200s",
            "scopes": [
              "cloud-platform",
              "userinfo-email"
            ],
            "target_service_account": "github-actions-terraform@multicloud-475408.iam.gserviceaccount.com"
          },
          "sensitive_attributes": [
            [
              {
                "type": "get_attr",
                "value": "access_token"
              }
            ]
          ],
          "identity_schema_version": 0
        }
      ]
    },
    {
      "module": "module.gcp-aws-ha-vpn",
      "mode": "managed",
      "type": "aws_ec2_transit_gateway",
      "name": "tgw",
      "provider": "provider[\"registry.terraform.io/hashicorp/aws\"]",
      "instances": [
        {
          "schema_version": 0,
          "attributes": {
            "amazon_side_asn": 64515,
            "arn": "arn:aws:ec2:ap-southeast-1:025066283834:transit-gateway/tgw-00b1da66aa75387c3",
            "association_default_route_table_id": "tgw-rtb-00faf67bcced8fd77",
            "auto_accept_shared_attachments": "enable",
            "default_route_table_association": "enable",
            "default_route_table_propagation": "enable",
            "description": "EC2 transit gateway",
            "dns_support": "enable",
            "id": "tgw-00b1da66aa75387c3",
            "multicast_support": "disable",
            "owner_id": "025066283834",
            "propagation_default_route_table_id": "tgw-rtb-00faf67bcced8fd77",
            "security_group_referencing_support": "disable",
            "tags": {
              "Name": "vpn-tgw"
            },
            "tags_all": {
              "Name": "vpn-tgw"
            },
            "timeouts": null,
            "transit_gateway_cidr_blocks": [],
            "vpn_ecmp_support": "enable"
          },
          "sensitive_attributes": [],
          "identity_schema_version": 0,
          "private": "eyJlMmJmYjczMC1lY2FhLTExZTYtOGY4OC0zNDM2M2JjN2M0YzAiOnsiY3JlYXRlIjo2MDAwMDAwMDAwMDAsImRlbGV0ZSI6NjAwMDAwMDAwMDAwLCJ1cGRhdGUiOjYwMDAwMDAwMDAwMH19"
        }
      ]
    },
    {
      "module": "module.network",
      "mode": "managed",
      "type": "google_compute_network",
      "name": "net",
      "provider": "provider[\"registry.terraform.io/hashicorp/google\"]",
      "instances": [
        {
          "schema_version": 0,
          "attributes": {
            "auto_create_subnetworks": false,
            "delete_default_routes_on_create": false,
            "description": "",
            "enable_ula_internal_ipv6": false,
            "gateway_ipv4": "",
            "id": "projects/multicloud-475408/global/networks/gcp-net",
            "internal_ipv6_range": "",
            "mtu": 0,
            "name": "gcp-net",
            "network_firewall_policy_enforcement_order": "AFTER_CLASSIC_FIREWALL",
            "numeric_id": "1112339358118499500",
            "project": "multicloud-475408",
            "routing_mode": "GLOBAL",
            "self_link": "https://www.googleapis.com/compute/v1/projects/multicloud-475408/global/networks/gcp-net",
            "timeouts": null
          },
          "sensitive_attributes": [],
          "identity_schema_version": 0,
          "private": "eyJlMmJmYjczMC1lY2FhLTExZTYtOGY4OC0zNDM2M2JjN2M0YzAiOnsiY3JlYXRlIjoxMjAwMDAwMDAwMDAwLCJkZWxldGUiOjEyMDAwMDAwMDAwMDAsInVwZGF0ZSI6MTIwMDAwMDAwMDAwMH19",
          "dependencies": [
            "data.google_service_account_access_token.default"
          ]
        }
      ]
    }
  ],
  "check_results": [
    {
      "object_kind": "var",
      "config_addr": "var.num_tunnels",
      "status": "unknown",
      "objects": null
    },
    {
      "object_kind": "var",
      "config_addr": "module.gcp-aws-vpn.var.num_tunnels",
      "status": "unknown",
      "objects": null
    }
  ]
}
